
Microsoft Visual Studio Solution File, Format Version 12.00
# Visual Studio Version 17
VisualStudioVersion = 17.2.32602.215
MinimumVisualStudioVersion = 10.0.40219.1
Project("{FAE04EC0-301F-11D3-BF4B-00C04F79EFBC}") = "Сумма четных и нечетных чисел", "Сумма четных и нечетных чисел\Сумма четных и нечетных чисел.csproj", "{1E893E38-7EAD-497E-A644-94B67C62156B}"
EndProject
Global
	GlobalSection(SolutionConfigurationPlatforms) = preSolution
		Debug|Any CPU = Debug|Any CPU
		Release|Any CPU = Release|Any CPU
	EndGlobalSection
	GlobalSection(ProjectConfigurationPlatforms) = postSolution
		{1E893E38-7EAD-497E-A644-94B67C62156B}.Debug|Any CPU.ActiveCfg = Debug|Any CPU
		{1E893E38-7EAD-497E-A644-94B67C62156B}.Debug|Any CPU.Build.0 = Debug|Any CPU
		{1E893E38-7EAD-497E-A644-94B67C62156B}.Release|Any CPU.ActiveCfg = Release|Any CPU
		{1E893E38-7EAD-497E-A644-94B67C62156B}.Release|Any CPU.Build.0 = Release|Any CPU
	EndGlobalSection
	GlobalSection(SolutionProperties) = preSolution
		HideSolutionNode = FALSE
	EndGlobalSection
	GlobalSection(ExtensibilityGlobals) = postSolution
		SolutionGuid = {4ADD0AB3-D3FE-48B8-88AB-85A0A5471C19}
	EndGlobalSection
EndGlobal
